{
  "name": "nodejs",
  "version": "1.0.0",
  "lockfileVersion": 3,
  "requires": true,
  "packages": {
    "": {
      "name": "nodejs",
      "version": "1.0.0",
      "license": "MIT",
      "dependencies": {
        "node-ffi-rs": "^1.2.10"
      }
    },
    "node_modules/@yuuang/ffi-rs-android-arm64": {
      "version": "1.2.10",
      "resolved": "https://registry.npmjs.org/@yuuang/ffi-rs-android-arm64/-/ffi-rs-android-arm64-1.2.10.tgz",
      "integrity": "sha512-jkYl/qJnhlY3sjhkDnerLfCqVpqrmKUruOy2WbYS9Lu8sRIDBEmuWx5JYSMtB7o9dLE4JY+8YhSPulhBTYbANw==",
      "cpu": [
        "arm64"
      ],
      "license": "MIT",
      "optional": true,
      "os": [
        "android"
      ],
      "engines": {
        "node": ">= 12"
      }
    },
    "node_modules/@yuuang/ffi-rs-darwin-arm64": {
      "version": "1.2.10",
      "resolved": "https://registry.npmjs.org/@yuuang/ffi-rs-darwin-arm64/-/ffi-rs-darwin-arm64-1.2.10.tgz",
      "integrity": "sha512-iezEXSSLtQvcV8r9rgmCPjfzff5PUvIxKGlgtdj7Ue+FAcM89pzW0VLA0SriamGrWVG+P1DnR0796m7/76Njww==",
      "cpu": [
        "arm64"
      ],
      "license": "MIT",
      "optional": true,
      "os": [
        "darwin"
      ],
      "engines": {
        "node": ">= 12"
      }
    },
    "node_modules/@yuuang/ffi-rs-darwin-x64": {
      "version": "1.2.10",
      "resolved": "https://registry.npmjs.org/@yuuang/ffi-rs-darwin-x64/-/ffi-rs-darwin-x64-1.2.10.tgz",
      "integrity": "sha512-Hvqm7kFXBPDqEK88Jsp8UXKDQpXeQqNSdkX3YepIooZ/d/bqmV8NjpdNRG0YW8ATpi8Dl1DbFdmO5tLgQcnUXg==",
      "cpu": [
        "x64"
      ],
      "license": "MIT",
      "optional": true,
      "os": [
        "darwin"
      ],
      "engines": {
        "node": ">= 12"
      }
    },
    "node_modules/@yuuang/ffi-rs-linux-arm-gnueabihf": {
      "version": "1.2.10",
      "resolved": "https://registry.npmjs.org/@yuuang/ffi-rs-linux-arm-gnueabihf/-/ffi-rs-linux-arm-gnueabihf-1.2.10.tgz",
      "integrity": "sha512-rh8QyQZv/7M13BXIrQeZ1IS32U5R7XUM6fuNalVZhNKw86AsioNWS54S6lwRH+2qtIfMNslw1/KtlchbeOBJSw==",
      "cpu": [
        "arm"
      ],
      "license": "MIT",
      "optional": true,
      "os": [
        "linux"
      ],
      "engines": {
        "node": ">= 12"
      }
    },
    "node_modules/@yuuang/ffi-rs-linux-arm64-gnu": {
      "version": "1.2.10",
      "resolved": "https://registry.npmjs.org/@yuuang/ffi-rs-linux-arm64-gnu/-/ffi-rs-linux-arm64-gnu-1.2.10.tgz",
      "integrity": "sha512-0KNATJlYyCcdklOLsii/bq0JtMBGCdbDt9fAXmQ0GzZkuJB9eB0QhdwuVSwOvjoY6do1hIqv8r7GdoIBp3ajkg==",
      "cpu": [
        "arm64"
      ],
      "license": "MIT",
      "optional": true,
      "os": [
        "linux"
      ],
      "engines": {
        "node": ">= 12"
      }
    },
    "node_modules/@yuuang/ffi-rs-linux-arm64-musl": {
      "version": "1.2.10",
      "resolved": "https://registry.npmjs.org/@yuuang/ffi-rs-linux-arm64-musl/-/ffi-rs-linux-arm64-musl-1.2.10.tgz",
      "integrity": "sha512-g8vMwGStVNN6/gtMtxw8DeZWhxK5Z0MuQqIRRFF/FVQFTLhrHRmxJ1NfXlRWgHJzECaWlTNwrnFPB7j48O8FcQ==",
      "cpu": [
        "arm64"
      ],
      "license": "MIT",
      "optional": true,
      "os": [
        "linux"
      ],
      "engines": {
        "node": ">= 12"
      }
    },
    "node_modules/@yuuang/ffi-rs-linux-x64-gnu": {
      "version": "1.2.10",
      "resolved": "https://registry.npmjs.org/@yuuang/ffi-rs-linux-x64-gnu/-/ffi-rs-linux-x64-gnu-1.2.10.tgz",
      "integrity": "sha512-wNGpsVhphbQCZJo/4Bkgjq0qyMv55rTXy+117hC2GTGpYDmhcV2tVfEugfDiQr64QUkF4I7NRSU40xtuYZ6ORg==",
      "cpu": [
        "x64"
      ],
      "license": "MIT",
      "optional": true,
      "os": [
        "linux"
      ],
      "engines": {
        "node": ">= 12"
      }
    },
    "node_modules/@yuuang/ffi-rs-linux-x64-musl": {
      "version": "1.2.10",
      "resolved": "https://registry.npmjs.org/@yuuang/ffi-rs-linux-x64-musl/-/ffi-rs-linux-x64-musl-1.2.10.tgz",
      "integrity": "sha512-kpFQS/us9QWstdyrKKdmFfRe95iYBdT0/0ct+Rqj3sWZgKhy45kheZbfOGVGKC6IKd0ZtSmCeLf4vvFXBX8nmw==",
      "cpu": [
        "x64"
      ],
      "license": "MIT",
      "optional": true,
      "os": [
        "linux"
      ],
      "engines": {
        "node": ">= 12"
      }
    },
    "node_modules/@yuuang/ffi-rs-win32-arm64-msvc": {
      "version": "1.2.10",
      "resolved": "https://registry.npmjs.org/@yuuang/ffi-rs-win32-arm64-msvc/-/ffi-rs-win32-arm64-msvc-1.2.10.tgz",
      "integrity": "sha512-8wPV1fNTmX0Ct95NSd7PJyqhd+b1zthwIGIZITTSK6wEQufCwm3UduhcrlZr9FamnBnskwL19nWpM4foQFcPQw==",
      "cpu": [
        "arm64"
      ],
      "license": "MIT",
      "optional": true,
      "os": [
        "win32"
      ],
      "engines": {
        "node": ">= 12"
      }
    },
    "node_modules/@yuuang/ffi-rs-win32-ia32-msvc": {
      "version": "1.2.10",
      "resolved": "https://registry.npmjs.org/@yuuang/ffi-rs-win32-ia32-msvc/-/ffi-rs-win32-ia32-msvc-1.2.10.tgz",
      "integrity": "sha512-3G2vYAEPpyEErkpr9PGuULfm5sbtvsn3RFt+5nh/RB+kTG/HP8mai+gNHQIE6I//udZE8w6RhYXuZMB2Ri2+zw==",
      "cpu": [
        "x64",
        "ia32"
      ],
      "license": "MIT",
      "optional": true,
      "os": [
        "win32"
      ],
      "engines": {
        "node": ">= 12"
      }
    },
    "node_modules/@yuuang/ffi-rs-win32-x64-msvc": {
      "version": "1.2.10",
      "resolved": "https://registry.npmjs.org/@yuuang/ffi-rs-win32-x64-msvc/-/ffi-rs-win32-x64-msvc-1.2.10.tgz",
      "integrity": "sha512-hAv+RHe1WMB5gk4QDRC8/T9Tw9YiE6DqNNnw+Snl2xbDJ2xyr8B7cHit0OgRX11G9f6l8cjOtzSz+qGncFF5tA==",
      "cpu": [
        "x64"
      ],
      "license": "MIT",
      "optional": true,
      "os": [
        "win32"
      ],
      "engines": {
        "node": ">= 12"
      }
    },
    "node_modules/node-ffi-rs": {
      "version": "1.2.10",
      "resolved": "https://registry.npmjs.org/node-ffi-rs/-/node-ffi-rs-1.2.10.tgz",
      "integrity": "sha512-13lC97isXygJPYNHFTqOLmE4R5/9WhnYoVp28gucbszdQNfNPEZ1242W8I7uYIcFR1+nyewItvM1aL6zr+zBhA==",
      "license": "MIT",
      "optionalDependencies": {
        "@yuuang/ffi-rs-android-arm64": "1.2.10",
        "@yuuang/ffi-rs-darwin-arm64": "1.2.10",
        "@yuuang/ffi-rs-darwin-x64": "1.2.10",
        "@yuuang/ffi-rs-linux-arm-gnueabihf": "1.2.10",
        "@yuuang/ffi-rs-linux-arm64-gnu": "1.2.10",
        "@yuuang/ffi-rs-linux-arm64-musl": "1.2.10",
        "@yuuang/ffi-rs-linux-x64-gnu": "1.2.10",
        "@yuuang/ffi-rs-linux-x64-musl": "1.2.10",
        "@yuuang/ffi-rs-win32-arm64-msvc": "1.2.10",
        "@yuuang/ffi-rs-win32-ia32-msvc": "1.2.10",
        "@yuuang/ffi-rs-win32-x64-msvc": "1.2.10"
      }
    }
  }
}
